// !$*UTF8*$!
{
	archiveVersion = 1;
	classes = {
	};
	objectVersion = 46;
	objects = {

/* Begin PBXBuildFile section */
		81041F821FCB587A0029C9A7 /* PowerMgmtController.swift in Sources */ = {isa = PBXBuildFile; fileRef = 81041F811FCB587A0029C9A7 /* PowerMgmtController.swift */; };
		811D15A61EE7548000B14631 /* Assertion.swift in Sources */ = {isa = PBXBuildFile; fileRef = 811D15A51EE7548000B14631 /* Assertion.swift */; };
		8129093C1EDC750900072FC3 /* AppDelegate.swift in Sources */ = {isa = PBXBuildFile; fileRef = 9DE472EF19FF9E4C0089B49F /* AppDelegate.swift */; };
		819C75D01FA3841500A72238 /* TimeIntervalSliderCell.swift in Sources */ = {isa = PBXBuildFile; fileRef = 819C75CF1FA3841500A72238 /* TimeIntervalSliderCell.swift */; };
		81A04B181FA13BB500C1B87B /* TimeInterval+SimpleFormat.swift in Sources */ = {isa = PBXBuildFile; fileRef = 81A04B171FA13BB500C1B87B /* TimeInterval+SimpleFormat.swift */; };
		81A04B1A1FA24F5A00C1B87B /* TimeIntervalSlider.swift in Sources */ = {isa = PBXBuildFile; fileRef = 81A04B191FA24F5A00C1B87B /* TimeIntervalSlider.swift */; };
		81CFBBEB1EFADC23008DFA81 /* PreferencesViewController.swift in Sources */ = {isa = PBXBuildFile; fileRef = 81CFBBEA1EFADC23008DFA81 /* PreferencesViewController.swift */; };
		81E06BA21EE828D5002D1651 /* PreferencesWindowController.swift in Sources */ = {isa = PBXBuildFile; fileRef = 81E06BA01EE828D5002D1651 /* PreferencesWindowController.swift */; };
		81E06BA51EE829C7002D1651 /* Preferences.storyboard in Resources */ = {isa = PBXBuildFile; fileRef = 81E06BA41EE829C7002D1651 /* Preferences.storyboard */; };
		81E06BA71EE82AF3002D1651 /* PreferenceDefaults.plist in Resources */ = {isa = PBXBuildFile; fileRef = 81E06BA61EE82AF3002D1651 /* PreferenceDefaults.plist */; };
		81E76B771EDCCD0600610950 /* MenuController.swift in Sources */ = {isa = PBXBuildFile; fileRef = 81E76B761EDCCD0600610950 /* MenuController.swift */; };
		9D1EA6A31A1B61540030C40F /* AppDelegate.swift in Sources */ = {isa = PBXBuildFile; fileRef = 9D1EA6A21A1B61540030C40F /* AppDelegate.swift */; };
		9D1EA6A71A1B61540030C40F /* Images.xcassets in Resources */ = {isa = PBXBuildFile; fileRef = 9D1EA6A61A1B61540030C40F /* Images.xcassets */; };
		9D1EA6AA1A1B61540030C40F /* Main.storyboard in Resources */ = {isa = PBXBuildFile; fileRef = 9D1EA6A81A1B61540030C40F /* Main.storyboard */; };
		9D1EA6C01A1B62C80030C40F /* BaristaHelper.app in CopyFiles */ = {isa = PBXBuildFile; fileRef = 9D1EA69E1A1B61540030C40F /* BaristaHelper.app */; settings = {ATTRIBUTES = (RemoveHeadersOnCopy, ); }; };
		9DE472F419FF9E4C0089B49F /* Images.xcassets in Resources */ = {isa = PBXBuildFile; fileRef = 9DE472F319FF9E4C0089B49F /* Images.xcassets */; };
		9DE472F719FF9E4C0089B49F /* Menu.storyboard in Resources */ = {isa = PBXBuildFile; fileRef = 9DE472F519FF9E4C0089B49F /* Menu.storyboard */; };
		9EBFC6D01A1CB30900D1B158 /* LoginItemController.swift in Sources */ = {isa = PBXBuildFile; fileRef = 9EBFC6CF1A1CB30900D1B158 /* LoginItemController.swift */; };
/* End PBXBuildFile section */

/* Begin PBXContainerItemProxy section */
		9D1EA6BD1A1B62A80030C40F /* PBXContainerItemProxy */ = {
			isa = PBXContainerItemProxy;
			containerPortal = 9DE472E219FF9E4C0089B49F /* Project object */;
			proxyType = 1;
			remoteGlobalIDString = 9D1EA69D1A1B61540030C40F;
			remoteInfo = BaristaHelper;
		};
/* End PBXContainerItemProxy section */

/* Begin PBXCopyFilesBuildPhase section */
		9D1EA6BF1A1B62AD0030C40F /* CopyFiles */ = {
			isa = PBXCopyFilesBuildPhase;
			buildActionMask = 2147483647;
			dstPath = Contents/Library/LoginItems;
			dstSubfolderSpec = 1;
			files = (
				9D1EA6C01A1B62C80030C40F /* BaristaHelper.app in CopyFiles */,
			);
			runOnlyForDeploymentPostprocessing = 0;
		};
/* End PBXCopyFilesBuildPhase section */

/* Begin PBXFileReference section */
		81041F811FCB587A0029C9A7 /* PowerMgmtController.swift */ = {isa = PBXFileReference; lastKnownFileType = sourcecode.swift; path = PowerMgmtController.swift; sourceTree = "<group>"; };
		811D15A51EE7548000B14631 /* Assertion.swift */ = {isa = PBXFileReference; lastKnownFileType = sourcecode.swift; name = Assertion.swift; path = Barista/Application/Assertion.swift; sourceTree = SOURCE_ROOT; };
		819C75CF1FA3841500A72238 /* TimeIntervalSliderCell.swift */ = {isa = PBXFileReference; lastKnownFileType = sourcecode.swift; path = TimeIntervalSliderCell.swift; sourceTree = "<group>"; };
		81A04B171FA13BB500C1B87B /* TimeInterval+SimpleFormat.swift */ = {isa = PBXFileReference; lastKnownFileType = sourcecode.swift; path = "TimeInterval+SimpleFormat.swift"; sourceTree = "<group>"; };
		81A04B191FA24F5A00C1B87B /* TimeIntervalSlider.swift */ = {isa = PBXFileReference; lastKnownFileType = sourcecode.swift; name = TimeIntervalSlider.swift; path = Barista/Preferences/TimeIntervalSlider.swift; sourceTree = SOURCE_ROOT; };
		81CFBBEA1EFADC23008DFA81 /* PreferencesViewController.swift */ = {isa = PBXFileReference; lastKnownFileType = sourcecode.swift; path = PreferencesViewController.swift; sourceTree = "<group>"; };
		81E06BA01EE828D5002D1651 /* PreferencesWindowController.swift */ = {isa = PBXFileReference; lastKnownFileType = sourcecode.swift; name = PreferencesWindowController.swift; path = Barista/Preferences/PreferencesWindowController.swift; sourceTree = SOURCE_ROOT; };
		81E06BA41EE829C7002D1651 /* Preferences.storyboard */ = {isa = PBXFileReference; lastKnownFileType = file.storyboard; path = Preferences.storyboard; sourceTree = "<group>"; };
		81E06BA61EE82AF3002D1651 /* PreferenceDefaults.plist */ = {isa = PBXFileReference; lastKnownFileType = text.plist.xml; path = PreferenceDefaults.plist; sourceTree = "<group>"; };
		81E76B761EDCCD0600610950 /* MenuController.swift */ = {isa = PBXFileReference; fileEncoding = 4; lastKnownFileType = sourcecode.swift; path = MenuController.swift; sourceTree = "<group>"; };
		9D1EA69E1A1B61540030C40F /* BaristaHelper.app */ = {isa = PBXFileReference; explicitFileType = wrapper.application; includeInIndex = 0; path = BaristaHelper.app; sourceTree = BUILT_PRODUCTS_DIR; };
		9D1EA6A11A1B61540030C40F /* Info.plist */ = {isa = PBXFileReference; lastKnownFileType = text.plist.xml; path = Info.plist; sourceTree = "<group>"; };
		9D1EA6A21A1B61540030C40F /* AppDelegate.swift */ = {isa = PBXFileReference; lastKnownFileType = sourcecode.swift; path = AppDelegate.swift; sourceTree = "<group>"; };
		9D1EA6A61A1B61540030C40F /* Images.xcassets */ = {isa = PBXFileReference; lastKnownFileType = folder.assetcatalog; path = Images.xcassets; sourceTree = "<group>"; };
		9D1EA6A91A1B61540030C40F /* Base */ = {isa = PBXFileReference; lastKnownFileType = file.storyboard; name = Base; path = Base.lproj/Main.storyboard; sourceTree = "<group>"; };
		9D1EA6C11A1B63110030C40F /* BaristaHelper.entitlements */ = {isa = PBXFileReference; lastKnownFileType = text.xml; path = BaristaHelper.entitlements; sourceTree = "<group>"; };
		9DE472EA19FF9E4C0089B49F /* Barista.app */ = {isa = PBXFileReference; explicitFileType = wrapper.application; includeInIndex = 0; path = Barista.app; sourceTree = BUILT_PRODUCTS_DIR; };
		9DE472EE19FF9E4C0089B49F /* Info.plist */ = {isa = PBXFileReference; lastKnownFileType = text.plist.xml; path = Info.plist; sourceTree = "<group>"; };
		9DE472EF19FF9E4C0089B49F /* AppDelegate.swift */ = {isa = PBXFileReference; lastKnownFileType = sourcecode.swift; path = AppDelegate.swift; sourceTree = "<group>"; };
		9DE472F319FF9E4C0089B49F /* Images.xcassets */ = {isa = PBXFileReference; lastKnownFileType = folder.assetcatalog; path = Images.xcassets; sourceTree = "<group>"; };
		9DE472F619FF9E4C0089B49F /* Base */ = {isa = PBXFileReference; lastKnownFileType = file.storyboard; name = Base; path = Base.lproj/Menu.storyboard; sourceTree = "<group>"; };
		9DE4730C19FF9E5B0089B49F /* Barista.entitlements */ = {isa = PBXFileReference; lastKnownFileType = text.xml; path = Barista.entitlements; sourceTree = "<group>"; };
		9EBFC6CF1A1CB30900D1B158 /* LoginItemController.swift */ = {isa = PBXFileReference; fileEncoding = 4; lastKnownFileType = sourcecode.swift; path = LoginItemController.swift; sourceTree = "<group>"; };
/* End PBXFileReference section */

/* Begin PBXFrameworksBuildPhase section */
		9D1EA69B1A1B61540030C40F /* Frameworks */ = {
			isa = PBXFrameworksBuildPhase;
			buildActionMask = 2147483647;
			files = (
			);
			runOnlyForDeploymentPostprocessing = 0;
		};
		9DE472E719FF9E4C0089B49F /* Frameworks */ = {
			isa = PBXFrameworksBuildPhase;
			buildActionMask = 2147483647;
			files = (
			);
			runOnlyForDeploymentPostprocessing = 0;
		};
/* End PBXFrameworksBuildPhase section */

/* Begin PBXGroup section */
		818A42181F0E807E0029527E /* Extensions */ = {
			isa = PBXGroup;
			children = (
				81A04B171FA13BB500C1B87B /* TimeInterval+SimpleFormat.swift */,
			);
			path = Extensions;
			sourceTree = "<group>";
		};
		81E06B9D1EE825C1002D1651 /* Application */ = {
			isa = PBXGroup;
			children = (
				9DE472F519FF9E4C0089B49F /* Menu.storyboard */,
				81E76B761EDCCD0600610950 /* MenuController.swift */,
				811D15A51EE7548000B14631 /* Assertion.swift */,
				81041F811FCB587A0029C9A7 /* PowerMgmtController.swift */,
				9EBFC6CF1A1CB30900D1B158 /* LoginItemController.swift */,
			);
			path = Application;
			sourceTree = "<group>";
		};
		81E06B9F1EE8288B002D1651 /* Preferences */ = {
			isa = PBXGroup;
			children = (
				81E06BA41EE829C7002D1651 /* Preferences.storyboard */,
				81E06BA01EE828D5002D1651 /* PreferencesWindowController.swift */,
				81CFBBEA1EFADC23008DFA81 /* PreferencesViewController.swift */,
				81A04B191FA24F5A00C1B87B /* TimeIntervalSlider.swift */,
				819C75CF1FA3841500A72238 /* TimeIntervalSliderCell.swift */,
			);
			path = Preferences;
			sourceTree = "<group>";
		};
		9D1EA69F1A1B61540030C40F /* BaristaHelper */ = {
			isa = PBXGroup;
			children = (
				9D1EA6A21A1B61540030C40F /* AppDelegate.swift */,
				9D1EA6A61A1B61540030C40F /* Images.xcassets */,
				9D1EA6A81A1B61540030C40F /* Main.storyboard */,
				9D1EA6A01A1B61540030C40F /* Supporting Files */,
			);
			path = BaristaHelper;
			sourceTree = "<group>";
		};
		9D1EA6A01A1B61540030C40F /* Supporting Files */ = {
			isa = PBXGroup;
			children = (
				9D1EA6C11A1B63110030C40F /* BaristaHelper.entitlements */,
				9D1EA6A11A1B61540030C40F /* Info.plist */,
			);
			name = "Supporting Files";
			sourceTree = "<group>";
		};
		9DE472E119FF9E4C0089B49F = {
			isa = PBXGroup;
			children = (
				9DE472EC19FF9E4C0089B49F /* Barista */,
				9D1EA69F1A1B61540030C40F /* BaristaHelper */,
				9DE472EB19FF9E4C0089B49F /* Products */,
			);
			sourceTree = "<group>";
		};
		9DE472EB19FF9E4C0089B49F /* Products */ = {
			isa = PBXGroup;
			children = (
				9DE472EA19FF9E4C0089B49F /* Barista.app */,
				9D1EA69E1A1B61540030C40F /* BaristaHelper.app */,
			);
			name = Products;
			sourceTree = "<group>";
		};
		9DE472EC19FF9E4C0089B49F /* Barista */ = {
			isa = PBXGroup;
			children = (
				9DE472EF19FF9E4C0089B49F /* AppDelegate.swift */,
				81E06B9D1EE825C1002D1651 /* Application */,
				81E06B9F1EE8288B002D1651 /* Preferences */,
				818A42181F0E807E0029527E /* Extensions */,
				9DE472F319FF9E4C0089B49F /* Images.xcassets */,
				9DE472ED19FF9E4C0089B49F /* Supporting Files */,
			);
			path = Barista;
			sourceTree = "<group>";
		};
		9DE472ED19FF9E4C0089B49F /* Supporting Files */ = {
			isa = PBXGroup;
			children = (
				9DE4730C19FF9E5B0089B49F /* Barista.entitlements */,
				9DE472EE19FF9E4C0089B49F /* Info.plist */,
				81E06BA61EE82AF3002D1651 /* PreferenceDefaults.plist */,
			);
			name = "Supporting Files";
			sourceTree = "<group>";
		};
/* End PBXGroup section */

/* Begin PBXNativeTarget section */
		9D1EA69D1A1B61540030C40F /* BaristaHelper */ = {
			isa = PBXNativeTarget;
			buildConfigurationList = 9D1EA6BB1A1B61550030C40F /* Build configuration list for PBXNativeTarget "BaristaHelper" */;
			buildPhases = (
				9D1EA69A1A1B61540030C40F /* Sources */,
				9D1EA69B1A1B61540030C40F /* Frameworks */,
				9D1EA69C1A1B61540030C40F /* Resources */,
				9EF1BAA91A1F5BDA00EF14CC /* ShellScript */,
			);
			buildRules = (
			);
			dependencies = (
			);
			name = BaristaHelper;
			productName = BaristaHelper;
			productReference = 9D1EA69E1A1B61540030C40F /* BaristaHelper.app */;
			productType = "com.apple.product-type.application";
		};
		9DE472E919FF9E4C0089B49F /* Barista */ = {
			isa = PBXNativeTarget;
			buildConfigurationList = 9DE4730619FF9E4C0089B49F /* Build configuration list for PBXNativeTarget "Barista" */;
			buildPhases = (
				9DE472E619FF9E4C0089B49F /* Sources */,
				9DE472E719FF9E4C0089B49F /* Frameworks */,
				9DE472E819FF9E4C0089B49F /* Resources */,
				9DEA58DB1A191C0B00451610 /* ShellScript */,
				9D1EA6BF1A1B62AD0030C40F /* CopyFiles */,
			);
			buildRules = (
			);
			dependencies = (
				9D1EA6BE1A1B62A80030C40F /* PBXTargetDependency */,
			);
			name = Barista;
			productName = Barista;
			productReference = 9DE472EA19FF9E4C0089B49F /* Barista.app */;
			productType = "com.apple.product-type.application";
		};
/* End PBXNativeTarget section */

/* Begin PBXProject section */
		9DE472E219FF9E4C0089B49F /* Project object */ = {
			isa = PBXProject;
			attributes = {
				LastUpgradeCheck = 0900;
				ORGANIZATIONNAME = "Franz Greiling";
				TargetAttributes = {
					9D1EA69D1A1B61540030C40F = {
						CreatedOnToolsVersion = 6.1;
						LastSwiftMigration = 0900;
						SystemCapabilities = {
							com.apple.Sandbox = {
								enabled = 0;
							};
						};
					};
					9DE472E919FF9E4C0089B49F = {
						CreatedOnToolsVersion = 6.1;
						LastSwiftMigration = 0900;
						SystemCapabilities = {
							com.apple.Sandbox = {
								enabled = 0;
							};
						};
					};
				};
			};
			buildConfigurationList = 9DE472E519FF9E4C0089B49F /* Build configuration list for PBXProject "Barista" */;
			compatibilityVersion = "Xcode 3.2";
			developmentRegion = English;
			hasScannedForEncodings = 0;
			knownRegions = (
				en,
				Base,
			);
			mainGroup = 9DE472E119FF9E4C0089B49F;
			productRefGroup = 9DE472EB19FF9E4C0089B49F /* Products */;
			projectDirPath = "";
			projectRoot = "";
			targets = (
				9DE472E919FF9E4C0089B49F /* Barista */,
				9D1EA69D1A1B61540030C40F /* BaristaHelper */,
			);
		};
/* End PBXProject section */

/* Begin PBXResourcesBuildPhase section */
		9D1EA69C1A1B61540030C40F /* Resources */ = {
			isa = PBXResourcesBuildPhase;
			buildActionMask = 2147483647;
			files = (
				9D1EA6A71A1B61540030C40F /* Images.xcassets in Resources */,
				9D1EA6AA1A1B61540030C40F /* Main.storyboard in Resources */,
			);
			runOnlyForDeploymentPostprocessing = 0;
		};
		9DE472E819FF9E4C0089B49F /* Resources */ = {
			isa = PBXResourcesBuildPhase;
			buildActionMask = 2147483647;
			files = (
				81E06BA51EE829C7002D1651 /* Preferences.storyboard in Resources */,
				81E06BA71EE82AF3002D1651 /* PreferenceDefaults.plist in Resources */,
				9DE472F419FF9E4C0089B49F /* Images.xcassets in Resources */,
				9DE472F719FF9E4C0089B49F /* Menu.storyboard in Resources */,
			);
			runOnlyForDeploymentPostprocessing = 0;
		};
/* End PBXResourcesBuildPhase section */

/* Begin PBXShellScriptBuildPhase section */
		9DEA58DB1A191C0B00451610 /* ShellScript */ = {
			isa = PBXShellScriptBuildPhase;
			buildActionMask = 2147483647;
			files = (
			);
			inputPaths = (
			);
			outputPaths = (
			);
			runOnlyForDeploymentPostprocessing = 0;
			shellPath = /bin/sh;
			shellScript = "#!/bin/sh -e\n\n# This script automatically sets the version and short version string of\n# an Xcode project from the Git repository containing the project.\n#\n# To use this script in Xcode, add the script's path to a \"Run Script\" build\n# phase for your application target.\n\nGIT_COMMITS_BRANCH=$(git rev-list HEAD | wc -l | tr -d ' ')\nGIT_TAG_MASTER=$(git describe master --tags | sed 's/.*\\([0-9][0-9]*\\.[0-9][0-9]*\\.[0-9][0-9]*\\).*/\\1/')\nGIT_SIMPLE_BRANCH_NAME=`git rev-parse --abbrev-ref HEAD`\nINFO_PLIST=\"${TARGET_BUILD_DIR}/${INFOPLIST_PATH}\"\n\n# For Non-Release Builds add current branch to Build Number\nif [ ${CONFIGURATION} != \"Release\" ]; then\n    GIT_COMMITS_BRANCH+=\"-$GIT_SIMPLE_BRANCH_NAME\"\n\n    # Check if Working Copy is clean\n    if [[ -n $(git status --porcelain) ]]; then\n        GIT_COMMITS_BRANCH+=\"-DIRTY\"\n    fi\nfi\n\n# Add Version Information to Build\n#/usr/libexec/PlistBuddy -c \"Set :CFBundleShortVersionString $GIT_TAG_MASTER\" \"$INFO_PLIST\"\n/usr/libexec/PlistBuddy -c \"Set :CFBundleVersion $GIT_COMMITS_BRANCH\" \"$INFO_PLIST\"";
		};
		9EF1BAA91A1F5BDA00EF14CC /* ShellScript */ = {
			isa = PBXShellScriptBuildPhase;
			buildActionMask = 2147483647;
			files = (
			);
			inputPaths = (
			);
			outputPaths = (
			);
			runOnlyForDeploymentPostprocessing = 0;
			shellPath = /bin/sh;
			shellScript = "#!/bin/sh -e\n\n# This script automatically sets the version and short version string of\n# an Xcode project from the Git repository containing the project.\n#\n# To use this script in Xcode, add the script's path to a \"Run Script\" build\n# phase for your application target.\n\nGIT_COMMITS_BRANCH=$(git rev-list HEAD | wc -l | tr -d ' ')\nGIT_TAG_MASTER=$(git describe master --tags | sed 's/.*\\([0-9][0-9]*\\.[0-9][0-9]*\\.[0-9][0-9]*\\).*/\\1/')\nGIT_SIMPLE_BRANCH_NAME=`git rev-parse --abbrev-ref HEAD`\nINFO_PLIST=\"${TARGET_BUILD_DIR}/${INFOPLIST_PATH}\"\n\n# For Non-Release Builds add current branch to Build Number\nif [ ${CONFIGURATION} != \"Release\" ]; then\n    GIT_COMMITS_BRANCH+=\"-$GIT_SIMPLE_BRANCH_NAME\"\nfi\n\n# Add Version Information to Build\n#/usr/libexec/PlistBuddy -c \"Set :CFBundleShortVersionString $GIT_TAG_MASTER\" \"$INFO_PLIST\"\n/usr/libexec/PlistBuddy -c \"Set :CFBundleVersion $GIT_COMMITS_BRANCH\" \"$INFO_PLIST\"";
		};
/* End PBXShellScriptBuildPhase section */

/* Begin PBXSourcesBuildPhase section */
		9D1EA69A1A1B61540030C40F /* Sources */ = {
			isa = PBXSourcesBuildPhase;
			buildActionMask = 2147483647;
			files = (
				9D1EA6A31A1B61540030C40F /* AppDelegate.swift in Sources */,
			);
			runOnlyForDeploymentPostprocessing = 0;
		};
		9DE472E619FF9E4C0089B49F /* Sources */ = {
			isa = PBXSourcesBuildPhase;
			buildActionMask = 2147483647;
			files = (
				81E76B771EDCCD0600610950 /* MenuController.swift in Sources */,
				8129093C1EDC750900072FC3 /* AppDelegate.swift in Sources */,
				81041F821FCB587A0029C9A7 /* PowerMgmtController.swift in Sources */,
				81E06BA21EE828D5002D1651 /* PreferencesWindowController.swift in Sources */,
				819C75D01FA3841500A72238 /* TimeIntervalSliderCell.swift in Sources */,
				81A04B1A1FA24F5A00C1B87B /* TimeIntervalSlider.swift in Sources */,
				9EBFC6D01A1CB30900D1B158 /* LoginItemController.swift in Sources */,
				81A04B181FA13BB500C1B87B /* TimeInterval+SimpleFormat.swift in Sources */,
				811D15A61EE7548000B14631 /* Assertion.swift in Sources */,
				81CFBBEB1EFADC23008DFA81 /* PreferencesViewController.swift in Sources */,
			);
			runOnlyForDeploymentPostprocessing = 0;
		};
/* End PBXSourcesBuildPhase section */

/* Begin PBXTargetDependency section */
		9D1EA6BE1A1B62A80030C40F /* PBXTargetDependency */ = {
			isa = PBXTargetDependency;
			target = 9D1EA69D1A1B61540030C40F /* BaristaHelper */;
			targetProxy = 9D1EA6BD1A1B62A80030C40F /* PBXContainerItemProxy */;
		};
/* End PBXTargetDependency section */

/* Begin PBXVariantGroup section */
		9D1EA6A81A1B61540030C40F /* Main.storyboard */ = {
			isa = PBXVariantGroup;
			children = (
				9D1EA6A91A1B61540030C40F /* Base */,
			);
			name = Main.storyboard;
			sourceTree = "<group>";
		};
		9DE472F519FF9E4C0089B49F /* Menu.storyboard */ = {
			isa = PBXVariantGroup;
			children = (
				9DE472F619FF9E4C0089B49F /* Base */,
			);
			name = Menu.storyboard;
			sourceTree = "<group>";
		};
/* End PBXVariantGroup section */

/* Begin XCBuildConfiguration section */
		9D1EA6B71A1B61550030C40F /* Debug */ = {
			isa = XCBuildConfiguration;
			buildSettings = {
				ASSETCATALOG_COMPILER_APPICON_NAME = AppIcon;
				COMBINE_HIDPI_IMAGES = YES;
				GCC_PREPROCESSOR_DEFINITIONS = (
					"DEBUG=1",
					"$(inherited)",
				);
				INFOPLIST_FILE = BaristaHelper/Info.plist;
				LD_RUNPATH_SEARCH_PATHS = "$(inherited) @executable_path/../Frameworks";
				PRODUCT_BUNDLE_IDENTIFIER = de.sadmac.Barista.BaristaHelper;
				PRODUCT_NAME = "$(TARGET_NAME)";
				SKIP_INSTALL = YES;
				SWIFT_SWIFT3_OBJC_INFERENCE = Default;
				SWIFT_VERSION = 4.0;
			};
			name = Debug;
		};
		9D1EA6B81A1B61550030C40F /* Release */ = {
			isa = XCBuildConfiguration;
			buildSettings = {
				ASSETCATALOG_COMPILER_APPICON_NAME = AppIcon;
				COMBINE_HIDPI_IMAGES = YES;
				INFOPLIST_FILE = BaristaHelper/Info.plist;
				LD_RUNPATH_SEARCH_PATHS = "$(inherited) @executable_path/../Frameworks";
				PRODUCT_BUNDLE_IDENTIFIER = de.sadmac.Barista.BaristaHelper;
				PRODUCT_NAME = "$(TARGET_NAME)";
				SKIP_INSTALL = YES;
				SWIFT_OPTIMIZATION_LEVEL = "-Owholemodule";
				SWIFT_SWIFT3_OBJC_INFERENCE = Default;
				SWIFT_VERSION = 4.0;
			};
			name = Release;
		};
		9DE4730419FF9E4C0089B49F /* Debug */ = {
			isa = XCBuildConfiguration;
			buildSettings = {
				ALWAYS_SEARCH_USER_PATHS = NO;
				CLANG_CXX_LANGUAGE_STANDARD = "gnu++0x";
				CLANG_CXX_LIBRARY = "libc++";
				CLANG_ENABLE_MODULES = YES;
				CLANG_ENABLE_OBJC_ARC = YES;
				CLANG_WARN_BLOCK_CAPTURE_AUTORELEASING = YES;
				CLANG_WARN_BOOL_CONVERSION = YES;
				CLANG_WARN_COMMA = YES;
				CLANG_WARN_CONSTANT_CONVERSION = YES;
				CLANG_WARN_DIRECT_OBJC_ISA_USAGE = YES_ERROR;
				CLANG_WARN_EMPTY_BODY = YES;
				CLANG_WARN_ENUM_CONVERSION = YES;
				CLANG_WARN_INFINITE_RECURSION = YES;
				CLANG_WARN_INT_CONVERSION = YES;
				CLANG_WARN_NON_LITERAL_NULL_CONVERSION = YES;
				CLANG_WARN_OBJC_LITERAL_CONVERSION = YES;
				CLANG_WARN_OBJC_ROOT_CLASS = YES_ERROR;
				CLANG_WARN_RANGE_LOOP_ANALYSIS = YES;
				CLANG_WARN_STRICT_PROTOTYPES = YES;
				CLANG_WARN_SUSPICIOUS_MOVE = YES;
				CLANG_WARN_UNREACHABLE_CODE = YES;
				CLANG_WARN__DUPLICATE_METHOD_MATCH = YES;
				CODE_SIGN_IDENTITY = "-";
				COPY_PHASE_STRIP = NO;
				ENABLE_STRICT_OBJC_MSGSEND = YES;
				ENABLE_TESTABILITY = YES;
				GCC_C_LANGUAGE_STANDARD = gnu99;
				GCC_DYNAMIC_NO_PIC = NO;
				GCC_NO_COMMON_BLOCKS = YES;
				GCC_OPTIMIZATION_LEVEL = 0;
				GCC_PREPROCESSOR_DEFINITIONS = (
					"DEBUG=1",
					"$(inherited)",
				);
				GCC_SYMBOLS_PRIVATE_EXTERN = NO;
				GCC_WARN_64_TO_32_BIT_CONVERSION = YES;
				GCC_WARN_ABOUT_RETURN_TYPE = YES_ERROR;
				GCC_WARN_UNDECLARED_SELECTOR = YES;
				GCC_WARN_UNINITIALIZED_AUTOS = YES_AGGRESSIVE;
				GCC_WARN_UNUSED_FUNCTION = YES;
				GCC_WARN_UNUSED_VARIABLE = YES;
				MACOSX_DEPLOYMENT_TARGET = 10.11;
				MTL_ENABLE_DEBUG_INFO = YES;
				ONLY_ACTIVE_ARCH = YES;
				SDKROOT = macosx;
				SWIFT_OPTIMIZATION_LEVEL = "-Onone";
			};
			name = Debug;
		};
		9DE4730519FF9E4C0089B49F /* Release */ = {
			isa = XCBuildConfiguration;
			buildSettings = {
				ALWAYS_SEARCH_USER_PATHS = NO;
				CLANG_CXX_LANGUAGE_STANDARD = "gnu++0x";
				CLANG_CXX_LIBRARY = "libc++";
				CLANG_ENABLE_MODULES = YES;
				CLANG_ENABLE_OBJC_ARC = YES;
				CLANG_WARN_BLOCK_CAPTURE_AUTORELEASING = YES;
				CLANG_WARN_BOOL_CONVERSION = YES;
				CLANG_WARN_COMMA = YES;
				CLANG_WARN_CONSTANT_CONVERSION = YES;
				CLANG_WARN_DIRECT_OBJC_ISA_USAGE = YES_ERROR;
				CLANG_WARN_EMPTY_BODY = YES;
				CLANG_WARN_ENUM_CONVERSION = YES;
				CLANG_WARN_INFINITE_RECURSION = YES;
				CLANG_WARN_INT_CONVERSION = YES;
				CLANG_WARN_NON_LITERAL_NULL_CONVERSION = YES;
				CLANG_WARN_OBJC_LITERAL_CONVERSION = YES;
				CLANG_WARN_OBJC_ROOT_CLASS = YES_ERROR;
				CLANG_WARN_RANGE_LOOP_ANALYSIS = YES;
				CLANG_WARN_STRICT_PROTOTYPES = YES;
				CLANG_WARN_SUSPICIOUS_MOVE = YES;
				CLANG_WARN_UNREACHABLE_CODE = YES;
				CLANG_WARN__DUPLICATE_METHOD_MATCH = YES;
				CODE_SIGN_IDENTITY = "-";
				COPY_PHASE_STRIP = YES;
				DEBUG_INFORMATION_FORMAT = "dwarf-with-dsym";
				ENABLE_NS_ASSERTIONS = NO;
				ENABLE_STRICT_OBJC_MSGSEND = YES;
				GCC_C_LANGUAGE_STANDARD = gnu99;
				GCC_NO_COMMON_BLOCKS = YES;
				GCC_WARN_64_TO_32_BIT_CONVERSION = YES;
				GCC_WARN_ABOUT_RETURN_TYPE = YES_ERROR;
				GCC_WARN_UNDECLARED_SELECTOR = YES;
				GCC_WARN_UNINITIALIZED_AUTOS = YES_AGGRESSIVE;
				GCC_WARN_UNUSED_FUNCTION = YES;
				GCC_WARN_UNUSED_VARIABLE = YES;
				MACOSX_DEPLOYMENT_TARGET = 10.11;
				MTL_ENABLE_DEBUG_INFO = NO;
				SDKROOT = macosx;
			};
			name = Release;
		};
		9DE4730719FF9E4C0089B49F /* Debug */ = {
			isa = XCBuildConfiguration;
			buildSettings = {
				ASSETCATALOG_COMPILER_APPICON_NAME = AppIcon;
				COMBINE_HIDPI_IMAGES = YES;
				INFOPLIST_FILE = Barista/Info.plist;
				LD_RUNPATH_SEARCH_PATHS = "$(inherited) @executable_path/../Frameworks";
				MACOSX_DEPLOYMENT_TARGET = 10.12;
				PRODUCT_BUNDLE_IDENTIFIER = de.sadmac.Barista;
				PRODUCT_NAME = "$(TARGET_NAME)";
				SWIFT_SWIFT3_OBJC_INFERENCE = Default;
				SWIFT_VERSION = 4.0;
			};
			name = Debug;
		};
		9DE4730819FF9E4C0089B49F /* Release */ = {
			isa = XCBuildConfiguration;
			buildSettings = {
				ASSETCATALOG_COMPILER_APPICON_NAME = AppIcon;
				COMBINE_HIDPI_IMAGES = YES;
				COPY_PHASE_STRIP = NO;
				INFOPLIST_FILE = Barista/Info.plist;
				LD_RUNPATH_SEARCH_PATHS = "$(inherited) @executable_path/../Frameworks";
				MACOSX_DEPLOYMENT_TARGET = 10.12;
				PRODUCT_BUNDLE_IDENTIFIER = de.sadmac.Barista;
				PRODUCT_NAME = "$(TARGET_NAME)";
				SWIFT_OPTIMIZATION_LEVEL = "-Owholemodule";
				SWIFT_SWIFT3_OBJC_INFERENCE = Default;
				SWIFT_VERSION = 4.0;
			};
			name = Release;
		};
/* End XCBuildConfiguration section */

/* Begin XCConfigurationList section */
		9D1EA6BB1A1B61550030C40F /* Build configuration list for PBXNativeTarget "BaristaHelper" */ = {
			isa = XCConfigurationList;
			buildConfigurations = (
				9D1EA6B71A1B61550030C40F /* Debug */,
				9D1EA6B81A1B61550030C40F /* Release */,
			);
			defaultConfigurationIsVisible = 0;
			defaultConfigurationName = Release;
		};
		9DE472E519FF9E4C0089B49F /* Build configuration list for PBXProject "Barista" */ = {
			isa = XCConfigurationList;
			buildConfigurations = (
				9DE4730419FF9E4C0089B49F /* Debug */,
				9DE4730519FF9E4C0089B49F /* Release */,
			);
			defaultConfigurationIsVisible = 0;
			defaultConfigurationName = Release;
		};
		9DE4730619FF9E4C0089B49F /* Build configuration list for PBXNativeTarget "Barista" */ = {
			isa = XCConfigurationList;
			buildConfigurations = (
				9DE4730719FF9E4C0089B49F /* Debug */,
				9DE4730819FF9E4C0089B49F /* Release */,
			);
			defaultConfigurationIsVisible = 0;
			defaultConfigurationName = Release;
		};
/* End XCConfigurationList section */
	};
	rootObject = 9DE472E219FF9E4C0089B49F /* Project object */;
}
